
Microsoft Visual Studio Solution File, Format Version 12.00
# Visual Studio Version 17
VisualStudioVersion = 17.2.32630.192
MinimumVisualStudioVersion = 10.0.40219.1
Project("{9A19103F-16F7-4668-BE54-9A1E7A4F7556}") = "GroceryShop", "GroceryShop\GroceryShop.csproj", "{60D6DCF4-665E-452D-9954-F1656A769660}"
EndProject
Global
	GlobalSection(SolutionConfigurationPlatforms) = preSolution
		Debug|Any CPU = Debug|Any CPU
		Release|Any CPU = Release|Any CPU
	EndGlobalSection
	GlobalSection(ProjectConfigurationPlatforms) = postSolution
		{60D6DCF4-665E-452D-9954-F1656A769660}.Debug|Any CPU.ActiveCfg = Debug|Any CPU
		{60D6DCF4-665E-452D-9954-F1656A769660}.Debug|Any CPU.Build.0 = Debug|Any CPU
		{60D6DCF4-665E-452D-9954-F1656A769660}.Release|Any CPU.ActiveCfg = Release|Any CPU
		{60D6DCF4-665E-452D-9954-F1656A769660}.Release|Any CPU.Build.0 = Release|Any CPU
	EndGlobalSection
	GlobalSection(SolutionProperties) = preSolution
		HideSolutionNode = FALSE
	EndGlobalSection
	GlobalSection(ExtensibilityGlobals) = postSolution
		SolutionGuid = {01686C49-8B7B-4168-A5CA-5234AC167DB0}
	EndGlobalSection
EndGlobal
